// !$*UTF8*$!
{
	archiveVersion = 1;
	classes = {
	};
	objectVersion = 50;
	objects = {

/* Begin PBXBuildFile section */
		FA45BE6F25E927D6002FAF09 /* Participants.swift in Sources */ = {isa = PBXBuildFile; fileRef = FA45BE6E25E927D6002FAF09 /* Participants.swift */; };
		FA45BE7725E92B1E002FAF09 /* participants.txt in Resources */ = {isa = PBXBuildFile; fileRef = FA45BE7625E92B1E002FAF09 /* participants.txt */; };
		FAD98EAD25D53A8B0076D38B /* resultsApp.swift in Sources */ = {isa = PBXBuildFile; fileRef = FAD98EAC25D53A8B0076D38B /* resultsApp.swift */; };
		FAD98EAF25D53A8B0076D38B /* ContentView.swift in Sources */ = {isa = PBXBuildFile; fileRef = FAD98EAE25D53A8B0076D38B /* ContentView.swift */; };
		FAD98EB125D53A8D0076D38B /* Assets.xcassets in Resources */ = {isa = PBXBuildFile; fileRef = FAD98EB025D53A8D0076D38B /* Assets.xcassets */; };
		FAD98EB425D53A8D0076D38B /* Preview Assets.xcassets in Resources */ = {isa = PBXBuildFile; fileRef = FAD98EB325D53A8D0076D38B /* Preview Assets.xcassets */; };
		FAD98EBD25D5A93E0076D38B /* AudioPlayer.swift in Sources */ = {isa = PBXBuildFile; fileRef = FAD98EBC25D5A93E0076D38B /* AudioPlayer.swift */; };
		FAD98EC025D5A98B0076D38B /* winnerSound.mp3 in Resources */ = {isa = PBXBuildFile; fileRef = FAD98EBF25D5A98B0076D38B /* winnerSound.mp3 */; };
/* End PBXBuildFile section */

/* Begin PBXFileReference section */
		FA45BE6E25E927D6002FAF09 /* Participants.swift */ = {isa = PBXFileReference; lastKnownFileType = sourcecode.swift; path = Participants.swift; sourceTree = "<group>"; };
		FA45BE7625E92B1E002FAF09 /* participants.txt */ = {isa = PBXFileReference; fileEncoding = 4; lastKnownFileType = text; path = participants.txt; sourceTree = "<group>"; };
		FAD98EA925D53A8B0076D38B /* results.app */ = {isa = PBXFileReference; explicitFileType = wrapper.application; includeInIndex = 0; path = results.app; sourceTree = BUILT_PRODUCTS_DIR; };
		FAD98EAC25D53A8B0076D38B /* resultsApp.swift */ = {isa = PBXFileReference; lastKnownFileType = sourcecode.swift; path = resultsApp.swift; sourceTree = "<group>"; };
		FAD98EAE25D53A8B0076D38B /* ContentView.swift */ = {isa = PBXFileReference; lastKnownFileType = sourcecode.swift; path = ContentView.swift; sourceTree = "<group>"; };
		FAD98EB025D53A8D0076D38B /* Assets.xcassets */ = {isa = PBXFileReference; lastKnownFileType = folder.assetcatalog; path = Assets.xcassets; sourceTree = "<group>"; };
		FAD98EB325D53A8D0076D38B /* Preview Assets.xcassets */ = {isa = PBXFileReference; lastKnownFileType = folder.assetcatalog; path = "Preview Assets.xcassets"; sourceTree = "<group>"; };
		FAD98EB525D53A8D0076D38B /* Info.plist */ = {isa = PBXFileReference; lastKnownFileType = text.plist.xml; path = Info.plist; sourceTree = "<group>"; };
		FAD98EBC25D5A93E0076D38B /* AudioPlayer.swift */ = {isa = PBXFileReference; lastKnownFileType = sourcecode.swift; path = AudioPlayer.swift; sourceTree = "<group>"; };
		FAD98EBF25D5A98B0076D38B /* winnerSound.mp3 */ = {isa = PBXFileReference; lastKnownFileType = audio.mp3; path = winnerSound.mp3; sourceTree = "<group>"; };
/* End PBXFileReference section */

/* Begin PBXFrameworksBuildPhase section */
		FAD98EA625D53A8B0076D38B /* Frameworks */ = {
			isa = PBXFrameworksBuildPhase;
			buildActionMask = 2147483647;
			files = (
			);
			runOnlyForDeploymentPostprocessing = 0;
		};
/* End PBXFrameworksBuildPhase section */

/* Begin PBXGroup section */
		FAD98EA025D53A8B0076D38B = {
			isa = PBXGroup;
			children = (
				FAD98EAB25D53A8B0076D38B /* results */,
				FAD98EAA25D53A8B0076D38B /* Products */,
			);
			sourceTree = "<group>";
		};
		FAD98EAA25D53A8B0076D38B /* Products */ = {
			isa = PBXGroup;
			children = (
				FAD98EA925D53A8B0076D38B /* results.app */,
			);
			name = Products;
			sourceTree = "<group>";
		};
		FAD98EAB25D53A8B0076D38B /* results */ = {
			isa = PBXGroup;
			children = (
				FAD98EAC25D53A8B0076D38B /* resultsApp.swift */,
				FAD98EAE25D53A8B0076D38B /* ContentView.swift */,
				FA45BE7625E92B1E002FAF09 /* participants.txt */,
				FA45BE6E25E927D6002FAF09 /* Participants.swift */,
				FAD98EBC25D5A93E0076D38B /* AudioPlayer.swift */,
				FAD98EBF25D5A98B0076D38B /* winnerSound.mp3 */,
				FAD98EB025D53A8D0076D38B /* Assets.xcassets */,
				FAD98EB525D53A8D0076D38B /* Info.plist */,
				FAD98EB225D53A8D0076D38B /* Preview Content */,
			);
			path = results;
			sourceTree = "<group>";
		};
		FAD98EB225D53A8D0076D38B /* Preview Content */ = {
			isa = PBXGroup;
			children = (
				FAD98EB325D53A8D0076D38B /* Preview Assets.xcassets */,
			);
			path = "Preview Content";
			sourceTree = "<group>";
		};
/* End PBXGroup section */

/* Begin PBXNativeTarget section */
		FAD98EA825D53A8B0076D38B /* results */ = {
			isa = PBXNativeTarget;
			buildConfigurationList = FAD98EB825D53A8D0076D38B /* Build configuration list for PBXNativeTarget "results" */;
			buildPhases = (
				FAD98EA525D53A8B0076D38B /* Sources */,
				FAD98EA625D53A8B0076D38B /* Frameworks */,
				FAD98EA725D53A8B0076D38B /* Resources */,
			);
			buildRules = (
			);
			dependencies = (
			);
			name = results;
			productName = results;
			productReference = FAD98EA925D53A8B0076D38B /* results.app */;
			productType = "com.apple.product-type.application";
		};
/* End PBXNativeTarget section */

/* Begin PBXProject section */
		FAD98EA125D53A8B0076D38B /* Project object */ = {
			isa = PBXProject;
			attributes = {
				LastSwiftUpdateCheck = 1240;
				LastUpgradeCheck = 1240;
				TargetAttributes = {
					FAD98EA825D53A8B0076D38B = {
						CreatedOnToolsVersion = 12.4;
					};
				};
			};
			buildConfigurationList = FAD98EA425D53A8B0076D38B /* Build configuration list for PBXProject "results" */;
			compatibilityVersion = "Xcode 9.3";
			developmentRegion = en;
			hasScannedForEncodings = 0;
			knownRegions = (
				en,
				Base,
			);
			mainGroup = FAD98EA025D53A8B0076D38B;
			productRefGroup = FAD98EAA25D53A8B0076D38B /* Products */;
			projectDirPath = "";
			projectRoot = "";
			targets = (
				FAD98EA825D53A8B0076D38B /* results */,
			);
		};
/* End PBXProject section */

/* Begin PBXResourcesBuildPhase section */
		FAD98EA725D53A8B0076D38B /* Resources */ = {
			isa = PBXResourcesBuildPhase;
			buildActionMask = 2147483647;
			files = (
				FA45BE7725E92B1E002FAF09 /* participants.txt in Resources */,
				FAD98EB425D53A8D0076D38B /* Preview Assets.xcassets in Resources */,
				FAD98EC025D5A98B0076D38B /* winnerSound.mp3 in Resources */,
				FAD98EB125D53A8D0076D38B /* Assets.xcassets in Resources */,
			);
			runOnlyForDeploymentPostprocessing = 0;
		};
/* End PBXResourcesBuildPhase section */

/* Begin PBXSourcesBuildPhase section */
		FAD98EA525D53A8B0076D38B /* Sources */ = {
			isa = PBXSourcesBuildPhase;
			buildActionMask = 2147483647;
			files = (
				FAD98EAF25D53A8B0076D38B /* ContentView.swift in Sources */,
				FA45BE6F25E927D6002FAF09 /* Participants.swift in Sources */,
				FAD98EAD25D53A8B0076D38B /* resultsApp.swift in Sources */,
				FAD98EBD25D5A93E0076D38B /* AudioPlayer.swift in Sources */,
			);
			runOnlyForDeploymentPostprocessing = 0;
		};
/* End PBXSourcesBuildPhase section */

/* Begin XCBuildConfiguration section */
		FAD98EB625D53A8D0076D38B /* Debug */ = {
			isa = XCBuildConfiguration;
			buildSettings = {
				ALWAYS_SEARCH_USER_PATHS = NO;
				CLANG_ANALYZER_NONNULL = YES;
				CLANG_ANALYZER_NUMBER_OBJECT_CONVERSION = YES_AGGRESSIVE;
				CLANG_CXX_LANGUAGE_STANDARD = "gnu++14";
				CLANG_CXX_LIBRARY = "libc++";
				CLANG_ENABLE_MODULES = YES;
				CLANG_ENABLE_OBJC_ARC = YES;
				CLANG_ENABLE_OBJC_WEAK = YES;
				CLANG_WARN_BLOCK_CAPTURE_AUTORELEASING = YES;
				CLANG_WARN_BOOL_CONVERSION = YES;
				CLANG_WARN_COMMA = YES;
				CLANG_WARN_CONSTANT_CONVERSION = YES;
				CLANG_WARN_DEPRECATED_OBJC_IMPLEMENTATIONS = YES;
				CLANG_WARN_DIRECT_OBJC_ISA_USAGE = YES_ERROR;
				CLANG_WARN_DOCUMENTATION_COMMENTS = YES;
				CLANG_WARN_EMPTY_BODY = YES;
				CLANG_WARN_ENUM_CONVERSION = YES;
				CLANG_WARN_INFINITE_RECURSION = YES;
				CLANG_WARN_INT_CONVERSION = YES;
				CLANG_WARN_NON_LITERAL_NULL_CONVERSION = YES;
				CLANG_WARN_OBJC_IMPLICIT_RETAIN_SELF = YES;
				CLANG_WARN_OBJC_LITERAL_CONVERSION = YES;
				CLANG_WARN_OBJC_ROOT_CLASS = YES_ERROR;
				CLANG_WARN_QUOTED_INCLUDE_IN_FRAMEWORK_HEADER = YES;
				CLANG_WARN_RANGE_LOOP_ANALYSIS = YES;
				CLANG_WARN_STRICT_PROTOTYPES = YES;
				CLANG_WARN_SUSPICIOUS_MOVE = YES;
				CLANG_WARN_UNGUARDED_AVAILABILITY = YES_AGGRESSIVE;
				CLANG_WARN_UNREACHABLE_CODE = YES;
				CLANG_WARN__DUPLICATE_METHOD_MATCH = YES;
				COPY_PHASE_STRIP = NO;
				DEBUG_INFORMATION_FORMAT = dwarf;
				ENABLE_STRICT_OBJC_MSGSEND = YES;
				ENABLE_TESTABILITY = YES;
				GCC_C_LANGUAGE_STANDARD = gnu11;
				GCC_DYNAMIC_NO_PIC = NO;
				GCC_NO_COMMON_BLOCKS = YES;
				GCC_OPTIMIZATION_LEVEL = 0;
				GCC_PREPROCESSOR_DEFINITIONS = (
					"DEBUG=1",
					"$(inherited)",
				);
				GCC_WARN_64_TO_32_BIT_CONVERSION = YES;
				GCC_WARN_ABOUT_RETURN_TYPE = YES_ERROR;
				GCC_WARN_UNDECLARED_SELECTOR = YES;
				GCC_WARN_UNINITIALIZED_AUTOS = YES_AGGRESSIVE;
				GCC_WARN_UNUSED_FUNCTION = YES;
				GCC_WARN_UNUSED_VARIABLE = YES;
				IPHONEOS_DEPLOYMENT_TARGET = 14.4;
				MTL_ENABLE_DEBUG_INFO = INCLUDE_SOURCE;
				MTL_FAST_MATH = YES;
				ONLY_ACTIVE_ARCH = YES;
				SDKROOT = iphoneos;
				SWIFT_ACTIVE_COMPILATION_CONDITIONS = DEBUG;
				SWIFT_OPTIMIZATION_LEVEL = "-Onone";
			};
			name = Debug;
		};
		FAD98EB725D53A8D0076D38B /* Release */ = {
			isa = XCBuildConfiguration;
			buildSettings = {
				ALWAYS_SEARCH_USER_PATHS = NO;
				CLANG_ANALYZER_NONNULL = YES;
				CLANG_ANALYZER_NUMBER_OBJECT_CONVERSION = YES_AGGRESSIVE;
				CLANG_CXX_LANGUAGE_STANDARD = "gnu++14";
				CLANG_CXX_LIBRARY = "libc++";
				CLANG_ENABLE_MODULES = YES;
				CLANG_ENABLE_OBJC_ARC = YES;
				CLANG_ENABLE_OBJC_WEAK = YES;
				CLANG_WARN_BLOCK_CAPTURE_AUTORELEASING = YES;
				CLANG_WARN_BOOL_CONVERSION = YES;
				CLANG_WARN_COMMA = YES;
				CLANG_WARN_CONSTANT_CONVERSION = YES;
				CLANG_WARN_DEPRECATED_OBJC_IMPLEMENTATIONS = YES;
				CLANG_WARN_DIRECT_OBJC_ISA_USAGE = YES_ERROR;
				CLANG_WARN_DOCUMENTATION_COMMENTS = YES;
				CLANG_WARN_EMPTY_BODY = YES;
				CLANG_WARN_ENUM_CONVERSION = YES;
				CLANG_WARN_INFINITE_RECURSION = YES;
				CLANG_WARN_INT_CONVERSION = YES;
				CLANG_WARN_NON_LITERAL_NULL_CONVERSION = YES;
				CLANG_WARN_OBJC_IMPLICIT_RETAIN_SELF = YES;
				CLANG_WARN_OBJC_LITERAL_CONVERSION = YES;
				CLANG_WARN_OBJC_ROOT_CLASS = YES_ERROR;
				CLANG_WARN_QUOTED_INCLUDE_IN_FRAMEWORK_HEADER = YES;
				CLANG_WARN_RANGE_LOOP_ANALYSIS = YES;
				CLANG_WARN_STRICT_PROTOTYPES = YES;
				CLANG_WARN_SUSPICIOUS_MOVE = YES;
				CLANG_WARN_UNGUARDED_AVAILABILITY = YES_AGGRESSIVE;
				CLANG_WARN_UNREACHABLE_CODE = YES;
				CLANG_WARN__DUPLICATE_METHOD_MATCH = YES;
				COPY_PHASE_STRIP = NO;
				DEBUG_INFORMATION_FORMAT = "dwarf-with-dsym";
				ENABLE_NS_ASSERTIONS = NO;
				ENABLE_STRICT_OBJC_MSGSEND = YES;
				GCC_C_LANGUAGE_STANDARD = gnu11;
				GCC_NO_COMMON_BLOCKS = YES;
				GCC_WARN_64_TO_32_BIT_CONVERSION = YES;
				GCC_WARN_ABOUT_RETURN_TYPE = YES_ERROR;
				GCC_WARN_UNDECLARED_SELECTOR = YES;
				GCC_WARN_UNINITIALIZED_AUTOS = YES_AGGRESSIVE;
				GCC_WARN_UNUSED_FUNCTION = YES;
				GCC_WARN_UNUSED_VARIABLE = YES;
				IPHONEOS_DEPLOYMENT_TARGET = 14.4;
				MTL_ENABLE_DEBUG_INFO = NO;
				MTL_FAST_MATH = YES;
				SDKROOT = iphoneos;
				SWIFT_COMPILATION_MODE = wholemodule;
				SWIFT_OPTIMIZATION_LEVEL = "-O";
				VALIDATE_PRODUCT = YES;
			};
			name = Release;
		};
		FAD98EB925D53A8D0076D38B /* Debug */ = {
			isa = XCBuildConfiguration;
			buildSettings = {
				ASSETCATALOG_COMPILER_APPICON_NAME = AppIcon;
				ASSETCATALOG_COMPILER_GLOBAL_ACCENT_COLOR_NAME = AccentColor;
				CODE_SIGN_STYLE = Automatic;
				DEVELOPMENT_ASSET_PATHS = "\"results/Preview Content\"";
				DEVELOPMENT_TEAM = 3RMR9ZUCB8;
				ENABLE_PREVIEWS = YES;
				INFOPLIST_FILE = results/Info.plist;
				IPHONEOS_DEPLOYMENT_TARGET = 14.3;
				LD_RUNPATH_SEARCH_PATHS = (
					"$(inherited)",
					"@executable_path/Frameworks",
				);
				PRODUCT_BUNDLE_IDENTIFIER = alexandr.cizek.results;
				PRODUCT_NAME = "$(TARGET_NAME)";
				SWIFT_VERSION = 5.0;
				TARGETED_DEVICE_FAMILY = "1,2";
			};
			name = Debug;
		};
		FAD98EBA25D53A8D0076D38B /* Release */ = {
			isa = XCBuildConfiguration;
			buildSettings = {
				ASSETCATALOG_COMPILER_APPICON_NAME = AppIcon;
				ASSETCATALOG_COMPILER_GLOBAL_ACCENT_COLOR_NAME = AccentColor;
				CODE_SIGN_STYLE = Automatic;
				DEVELOPMENT_ASSET_PATHS = "\"results/Preview Content\"";
				DEVELOPMENT_TEAM = 3RMR9ZUCB8;
				ENABLE_PREVIEWS = YES;
				INFOPLIST_FILE = results/Info.plist;
				IPHONEOS_DEPLOYMENT_TARGET = 14.3;
				LD_RUNPATH_SEARCH_PATHS = (
					"$(inherited)",
					"@executable_path/Frameworks",
				);
				PRODUCT_BUNDLE_IDENTIFIER = alexandr.cizek.results;
				PRODUCT_NAME = "$(TARGET_NAME)";
				SWIFT_VERSION = 5.0;
				TARGETED_DEVICE_FAMILY = "1,2";
			};
			name = Release;
		};
/* End XCBuildConfiguration section */

/* Begin XCConfigurationList section */
		FAD98EA425D53A8B0076D38B /* Build configuration list for PBXProject "results" */ = {
			isa = XCConfigurationList;
			buildConfigurations = (
				FAD98EB625D53A8D0076D38B /* Debug */,
				FAD98EB725D53A8D0076D38B /* Release */,
			);
			defaultConfigurationIsVisible = 0;
			defaultConfigurationName = Release;
		};
		FAD98EB825D53A8D0076D38B /* Build configuration list for PBXNativeTarget "results" */ = {
			isa = XCConfigurationList;
			buildConfigurations = (
				FAD98EB925D53A8D0076D38B /* Debug */,
				FAD98EBA25D53A8D0076D38B /* Release */,
			);
			defaultConfigurationIsVisible = 0;
			defaultConfigurationName = Release;
		};
/* End XCConfigurationList section */
	};
	rootObject = FAD98EA125D53A8B0076D38B /* Project object */;
}
